// !$*UTF8*$!
{
	archiveVersion = 1;
	classes = {
	};
	objectVersion = 56;
	objects = {

/* Begin PBXBuildFile section */
		DA621E822979844900242506 /* FirebaseAuth in Frameworks */ = {isa = PBXBuildFile; productRef = DA621E812979844900242506 /* FirebaseAuth */; };
		DA621E842979844900242506 /* FirebaseDatabase in Frameworks */ = {isa = PBXBuildFile; productRef = DA621E832979844900242506 /* FirebaseDatabase */; };
		DA621E862979844900242506 /* FirebaseDatabaseSwift in Frameworks */ = {isa = PBXBuildFile; productRef = DA621E852979844900242506 /* FirebaseDatabaseSwift */; };
		DA621E882979844900242506 /* FirebaseFirestore in Frameworks */ = {isa = PBXBuildFile; productRef = DA621E872979844900242506 /* FirebaseFirestore */; };
		DA621E8A2979871500242506 /* GoogleService-Info.plist in Resources */ = {isa = PBXBuildFile; fileRef = DA621E892979871500242506 /* GoogleService-Info.plist */; };
		DA6CF40A2976DDDE002627B7 /* AppDelegate.swift in Sources */ = {isa = PBXBuildFile; fileRef = DA6CF4092976DDDE002627B7 /* AppDelegate.swift */; };
		DA6CF40C2976DDDE002627B7 /* SceneDelegate.swift in Sources */ = {isa = PBXBuildFile; fileRef = DA6CF40B2976DDDE002627B7 /* SceneDelegate.swift */; };
		DA6CF40E2976DDDE002627B7 /* ViewController.swift in Sources */ = {isa = PBXBuildFile; fileRef = DA6CF40D2976DDDE002627B7 /* ViewController.swift */; };
		DA6CF4112976DDDE002627B7 /* Main.storyboard in Resources */ = {isa = PBXBuildFile; fileRef = DA6CF40F2976DDDE002627B7 /* Main.storyboard */; };
		DA6CF4142976DDDE002627B7 /* movieListWithFireBase.xcdatamodeld in Sources */ = {isa = PBXBuildFile; fileRef = DA6CF4122976DDDE002627B7 /* movieListWithFireBase.xcdatamodeld */; };
		DA6CF4162976DDDE002627B7 /* Assets.xcassets in Resources */ = {isa = PBXBuildFile; fileRef = DA6CF4152976DDDE002627B7 /* Assets.xcassets */; };
		DA6CF4192976DDDE002627B7 /* LaunchScreen.storyboard in Resources */ = {isa = PBXBuildFile; fileRef = DA6CF4172976DDDE002627B7 /* LaunchScreen.storyboard */; };
		DA6CF4242976DDDF002627B7 /* movieListWithFireBaseTests.swift in Sources */ = {isa = PBXBuildFile; fileRef = DA6CF4232976DDDF002627B7 /* movieListWithFireBaseTests.swift */; };
		DA6CF42E2976DDDF002627B7 /* movieListWithFireBaseUITests.swift in Sources */ = {isa = PBXBuildFile; fileRef = DA6CF42D2976DDDF002627B7 /* movieListWithFireBaseUITests.swift */; };
		DA6CF4302976DDDF002627B7 /* movieListWithFireBaseUITestsLaunchTests.swift in Sources */ = {isa = PBXBuildFile; fileRef = DA6CF42F2976DDDF002627B7 /* movieListWithFireBaseUITestsLaunchTests.swift */; };
		DA6CF43D2976E2AB002627B7 /* movieListViewController.swift in Sources */ = {isa = PBXBuildFile; fileRef = DA6CF43C2976E2AB002627B7 /* movieListViewController.swift */; };
/* End PBXBuildFile section */

/* Begin PBXContainerItemProxy section */
		DA6CF4202976DDDF002627B7 /* PBXContainerItemProxy */ = {
			isa = PBXContainerItemProxy;
			containerPortal = DA6CF3FE2976DDDE002627B7 /* Project object */;
			proxyType = 1;
			remoteGlobalIDString = DA6CF4052976DDDE002627B7;
			remoteInfo = movieListWithFireBase;
		};
		DA6CF42A2976DDDF002627B7 /* PBXContainerItemProxy */ = {
			isa = PBXContainerItemProxy;
			containerPortal = DA6CF3FE2976DDDE002627B7 /* Project object */;
			proxyType = 1;
			remoteGlobalIDString = DA6CF4052976DDDE002627B7;
			remoteInfo = movieListWithFireBase;
		};
/* End PBXContainerItemProxy section */

/* Begin PBXFileReference section */
		DA621E892979871500242506 /* GoogleService-Info.plist */ = {isa = PBXFileReference; fileEncoding = 4; lastKnownFileType = text.plist.xml; path = "GoogleService-Info.plist"; sourceTree = "<group>"; };
		DA6CF4062976DDDE002627B7 /* movieListWithFireBase.app */ = {isa = PBXFileReference; explicitFileType = wrapper.application; includeInIndex = 0; path = movieListWithFireBase.app; sourceTree = BUILT_PRODUCTS_DIR; };
		DA6CF4092976DDDE002627B7 /* AppDelegate.swift */ = {isa = PBXFileReference; lastKnownFileType = sourcecode.swift; path = AppDelegate.swift; sourceTree = "<group>"; };
		DA6CF40B2976DDDE002627B7 /* SceneDelegate.swift */ = {isa = PBXFileReference; lastKnownFileType = sourcecode.swift; path = SceneDelegate.swift; sourceTree = "<group>"; };
		DA6CF40D2976DDDE002627B7 /* ViewController.swift */ = {isa = PBXFileReference; lastKnownFileType = sourcecode.swift; path = ViewController.swift; sourceTree = "<group>"; };
		DA6CF4102976DDDE002627B7 /* Base */ = {isa = PBXFileReference; lastKnownFileType = file.storyboard; name = Base; path = Base.lproj/Main.storyboard; sourceTree = "<group>"; };
		DA6CF4132976DDDE002627B7 /* movieListWithFireBase.xcdatamodel */ = {isa = PBXFileReference; lastKnownFileType = wrapper.xcdatamodel; path = movieListWithFireBase.xcdatamodel; sourceTree = "<group>"; };
		DA6CF4152976DDDE002627B7 /* Assets.xcassets */ = {isa = PBXFileReference; lastKnownFileType = folder.assetcatalog; path = Assets.xcassets; sourceTree = "<group>"; };
		DA6CF4182976DDDE002627B7 /* Base */ = {isa = PBXFileReference; lastKnownFileType = file.storyboard; name = Base; path = Base.lproj/LaunchScreen.storyboard; sourceTree = "<group>"; };
		DA6CF41A2976DDDE002627B7 /* Info.plist */ = {isa = PBXFileReference; lastKnownFileType = text.plist.xml; path = Info.plist; sourceTree = "<group>"; };
		DA6CF41F2976DDDF002627B7 /* movieListWithFireBaseTests.xctest */ = {isa = PBXFileReference; explicitFileType = wrapper.cfbundle; includeInIndex = 0; path = movieListWithFireBaseTests.xctest; sourceTree = BUILT_PRODUCTS_DIR; };
		DA6CF4232976DDDF002627B7 /* movieListWithFireBaseTests.swift */ = {isa = PBXFileReference; lastKnownFileType = sourcecode.swift; path = movieListWithFireBaseTests.swift; sourceTree = "<group>"; };
		DA6CF4292976DDDF002627B7 /* movieListWithFireBaseUITests.xctest */ = {isa = PBXFileReference; explicitFileType = wrapper.cfbundle; includeInIndex = 0; path = movieListWithFireBaseUITests.xctest; sourceTree = BUILT_PRODUCTS_DIR; };
		DA6CF42D2976DDDF002627B7 /* movieListWithFireBaseUITests.swift */ = {isa = PBXFileReference; lastKnownFileType = sourcecode.swift; path = movieListWithFireBaseUITests.swift; sourceTree = "<group>"; };
		DA6CF42F2976DDDF002627B7 /* movieListWithFireBaseUITestsLaunchTests.swift */ = {isa = PBXFileReference; lastKnownFileType = sourcecode.swift; path = movieListWithFireBaseUITestsLaunchTests.swift; sourceTree = "<group>"; };
		DA6CF43C2976E2AB002627B7 /* movieListViewController.swift */ = {isa = PBXFileReference; lastKnownFileType = sourcecode.swift; path = movieListViewController.swift; sourceTree = "<group>"; };
/* End PBXFileReference section */

/* Begin PBXFrameworksBuildPhase section */
		DA6CF4032976DDDE002627B7 /* Frameworks */ = {
			isa = PBXFrameworksBuildPhase;
			buildActionMask = 2147483647;
			files = (
				DA621E862979844900242506 /* FirebaseDatabaseSwift in Frameworks */,
				DA621E882979844900242506 /* FirebaseFirestore in Frameworks */,
				DA621E842979844900242506 /* FirebaseDatabase in Frameworks */,
				DA621E822979844900242506 /* FirebaseAuth in Frameworks */,
			);
			runOnlyForDeploymentPostprocessing = 0;
		};
		DA6CF41C2976DDDF002627B7 /* Frameworks */ = {
			isa = PBXFrameworksBuildPhase;
			buildActionMask = 2147483647;
			files = (
			);
			runOnlyForDeploymentPostprocessing = 0;
		};
		DA6CF4262976DDDF002627B7 /* Frameworks */ = {
			isa = PBXFrameworksBuildPhase;
			buildActionMask = 2147483647;
			files = (
			);
			runOnlyForDeploymentPostprocessing = 0;
		};
/* End PBXFrameworksBuildPhase section */

/* Begin PBXGroup section */
		DA6CF3FD2976DDDE002627B7 = {
			isa = PBXGroup;
			children = (
				DA6CF4082976DDDE002627B7 /* movieListWithFireBase */,
				DA6CF4222976DDDF002627B7 /* movieListWithFireBaseTests */,
				DA6CF42C2976DDDF002627B7 /* movieListWithFireBaseUITests */,
				DA6CF4072976DDDE002627B7 /* Products */,
			);
			sourceTree = "<group>";
		};
		DA6CF4072976DDDE002627B7 /* Products */ = {
			isa = PBXGroup;
			children = (
				DA6CF4062976DDDE002627B7 /* movieListWithFireBase.app */,
				DA6CF41F2976DDDF002627B7 /* movieListWithFireBaseTests.xctest */,
				DA6CF4292976DDDF002627B7 /* movieListWithFireBaseUITests.xctest */,
			);
			name = Products;
			sourceTree = "<group>";
		};
		DA6CF4082976DDDE002627B7 /* movieListWithFireBase */ = {
			isa = PBXGroup;
			children = (
				DA6CF4092976DDDE002627B7 /* AppDelegate.swift */,
				DA6CF40B2976DDDE002627B7 /* SceneDelegate.swift */,
				DA6CF40D2976DDDE002627B7 /* ViewController.swift */,
				DA6CF40F2976DDDE002627B7 /* Main.storyboard */,
				DA6CF43C2976E2AB002627B7 /* movieListViewController.swift */,
				DA6CF4152976DDDE002627B7 /* Assets.xcassets */,
				DA6CF4172976DDDE002627B7 /* LaunchScreen.storyboard */,
				DA6CF41A2976DDDE002627B7 /* Info.plist */,
				DA621E892979871500242506 /* GoogleService-Info.plist */,
				DA6CF4122976DDDE002627B7 /* movieListWithFireBase.xcdatamodeld */,
			);
			path = movieListWithFireBase;
			sourceTree = "<group>";
		};
		DA6CF4222976DDDF002627B7 /* movieListWithFireBaseTests */ = {
			isa = PBXGroup;
			children = (
				DA6CF4232976DDDF002627B7 /* movieListWithFireBaseTests.swift */,
			);
			path = movieListWithFireBaseTests;
			sourceTree = "<group>";
		};
		DA6CF42C2976DDDF002627B7 /* movieListWithFireBaseUITests */ = {
			isa = PBXGroup;
			children = (
				DA6CF42D2976DDDF002627B7 /* movieListWithFireBaseUITests.swift */,
				DA6CF42F2976DDDF002627B7 /* movieListWithFireBaseUITestsLaunchTests.swift */,
			);
			path = movieListWithFireBaseUITests;
			sourceTree = "<group>";
		};
/* End PBXGroup section */

/* Begin PBXNativeTarget section */
		DA6CF4052976DDDE002627B7 /* movieListWithFireBase */ = {
			isa = PBXNativeTarget;
			buildConfigurationList = DA6CF4332976DDDF002627B7 /* Build configuration list for PBXNativeTarget "movieListWithFireBase" */;
			buildPhases = (
				DA6CF4022976DDDE002627B7 /* Sources */,
				DA6CF4032976DDDE002627B7 /* Frameworks */,
				DA6CF4042976DDDE002627B7 /* Resources */,
			);
			buildRules = (
			);
			dependencies = (
			);
			name = movieListWithFireBase;
			packageProductDependencies = (
				DA621E812979844900242506 /* FirebaseAuth */,
				DA621E832979844900242506 /* FirebaseDatabase */,
				DA621E852979844900242506 /* FirebaseDatabaseSwift */,
				DA621E872979844900242506 /* FirebaseFirestore */,
			);
			productName = movieListWithFireBase;
			productReference = DA6CF4062976DDDE002627B7 /* movieListWithFireBase.app */;
			productType = "com.apple.product-type.application";
		};
		DA6CF41E2976DDDF002627B7 /* movieListWithFireBaseTests */ = {
			isa = PBXNativeTarget;
			buildConfigurationList = DA6CF4362976DDDF002627B7 /* Build configuration list for PBXNativeTarget "movieListWithFireBaseTests" */;
			buildPhases = (
				DA6CF41B2976DDDF002627B7 /* Sources */,
				DA6CF41C2976DDDF002627B7 /* Frameworks */,
				DA6CF41D2976DDDF002627B7 /* Resources */,
			);
			buildRules = (
			);
			dependencies = (
				DA6CF4212976DDDF002627B7 /* PBXTargetDependency */,
			);
			name = movieListWithFireBaseTests;
			productName = movieListWithFireBaseTests;
			productReference = DA6CF41F2976DDDF002627B7 /* movieListWithFireBaseTests.xctest */;
			productType = "com.apple.product-type.bundle.unit-test";
		};
		DA6CF4282976DDDF002627B7 /* movieListWithFireBaseUITests */ = {
			isa = PBXNativeTarget;
			buildConfigurationList = DA6CF4392976DDDF002627B7 /* Build configuration list for PBXNativeTarget "movieListWithFireBaseUITests" */;
			buildPhases = (
				DA6CF4252976DDDF002627B7 /* Sources */,
				DA6CF4262976DDDF002627B7 /* Frameworks */,
				DA6CF4272976DDDF002627B7 /* Resources */,
			);
			buildRules = (
			);
			dependencies = (
				DA6CF42B2976DDDF002627B7 /* PBXTargetDependency */,
			);
			name = movieListWithFireBaseUITests;
			productName = movieListWithFireBaseUITests;
			productReference = DA6CF4292976DDDF002627B7 /* movieListWithFireBaseUITests.xctest */;
			productType = "com.apple.product-type.bundle.ui-testing";
		};
/* End PBXNativeTarget section */

/* Begin PBXProject section */
		DA6CF3FE2976DDDE002627B7 /* Project object */ = {
			isa = PBXProject;
			attributes = {
				BuildIndependentTargetsInParallel = 1;
				LastSwiftUpdateCheck = 1420;
				LastUpgradeCheck = 1420;
				TargetAttributes = {
					DA6CF4052976DDDE002627B7 = {
						CreatedOnToolsVersion = 14.2;
					};
					DA6CF41E2976DDDF002627B7 = {
						CreatedOnToolsVersion = 14.2;
						TestTargetID = DA6CF4052976DDDE002627B7;
					};
					DA6CF4282976DDDF002627B7 = {
						CreatedOnToolsVersion = 14.2;
						TestTargetID = DA6CF4052976DDDE002627B7;
					};
				};
			};
			buildConfigurationList = DA6CF4012976DDDE002627B7 /* Build configuration list for PBXProject "movieListWithFireBase" */;
			compatibilityVersion = "Xcode 14.0";
			developmentRegion = en;
			hasScannedForEncodings = 0;
			knownRegions = (
				en,
				Base,
			);
			mainGroup = DA6CF3FD2976DDDE002627B7;
			packageReferences = (
				DA621E802979844900242506 /* XCRemoteSwiftPackageReference "firebase-ios-sdk" */,
			);
			productRefGroup = DA6CF4072976DDDE002627B7 /* Products */;
			projectDirPath = "";
			projectRoot = "";
			targets = (
				DA6CF4052976DDDE002627B7 /* movieListWithFireBase */,
				DA6CF41E2976DDDF002627B7 /* movieListWithFireBaseTests */,
				DA6CF4282976DDDF002627B7 /* movieListWithFireBaseUITests */,
			);
		};
/* End PBXProject section */

/* Begin PBXResourcesBuildPhase section */
		DA6CF4042976DDDE002627B7 /* Resources */ = {
			isa = PBXResourcesBuildPhase;
			buildActionMask = 2147483647;
			files = (
				DA6CF4192976DDDE002627B7 /* LaunchScreen.storyboard in Resources */,
				DA621E8A2979871500242506 /* GoogleService-Info.plist in Resources */,
				DA6CF4162976DDDE002627B7 /* Assets.xcassets in Resources */,
				DA6CF4112976DDDE002627B7 /* Main.storyboard in Resources */,
			);
			runOnlyForDeploymentPostprocessing = 0;
		};
		DA6CF41D2976DDDF002627B7 /* Resources */ = {
			isa = PBXResourcesBuildPhase;
			buildActionMask = 2147483647;
			files = (
			);
			runOnlyForDeploymentPostprocessing = 0;
		};
		DA6CF4272976DDDF002627B7 /* Resources */ = {
			isa = PBXResourcesBuildPhase;
			buildActionMask = 2147483647;
			files = (
			);
			runOnlyForDeploymentPostprocessing = 0;
		};
/* End PBXResourcesBuildPhase section */

/* Begin PBXSourcesBuildPhase section */
		DA6CF4022976DDDE002627B7 /* Sources */ = {
			isa = PBXSourcesBuildPhase;
			buildActionMask = 2147483647;
			files = (
				DA6CF40E2976DDDE002627B7 /* ViewController.swift in Sources */,
				DA6CF40A2976DDDE002627B7 /* AppDelegate.swift in Sources */,
				DA6CF40C2976DDDE002627B7 /* SceneDelegate.swift in Sources */,
				DA6CF43D2976E2AB002627B7 /* movieListViewController.swift in Sources */,
				DA6CF4142976DDDE002627B7 /* movieListWithFireBase.xcdatamodeld in Sources */,
			);
			runOnlyForDeploymentPostprocessing = 0;
		};
		DA6CF41B2976DDDF002627B7 /* Sources */ = {
			isa = PBXSourcesBuildPhase;
			buildActionMask = 2147483647;
			files = (
				DA6CF4242976DDDF002627B7 /* movieListWithFireBaseTests.swift in Sources */,
			);
			runOnlyForDeploymentPostprocessing = 0;
		};
		DA6CF4252976DDDF002627B7 /* Sources */ = {
			isa = PBXSourcesBuildPhase;
			buildActionMask = 2147483647;
			files = (
				DA6CF4302976DDDF002627B7 /* movieListWithFireBaseUITestsLaunchTests.swift in Sources */,
				DA6CF42E2976DDDF002627B7 /* movieListWithFireBaseUITests.swift in Sources */,
			);
			runOnlyForDeploymentPostprocessing = 0;
		};
/* End PBXSourcesBuildPhase section */

/* Begin PBXTargetDependency section */
		DA6CF4212976DDDF002627B7 /* PBXTargetDependency */ = {
			isa = PBXTargetDependency;
			target = DA6CF4052976DDDE002627B7 /* movieListWithFireBase */;
			targetProxy = DA6CF4202976DDDF002627B7 /* PBXContainerItemProxy */;
		};
		DA6CF42B2976DDDF002627B7 /* PBXTargetDependency */ = {
			isa = PBXTargetDependency;
			target = DA6CF4052976DDDE002627B7 /* movieListWithFireBase */;
			targetProxy = DA6CF42A2976DDDF002627B7 /* PBXContainerItemProxy */;
		};
/* End PBXTargetDependency section */

/* Begin PBXVariantGroup section */
		DA6CF40F2976DDDE002627B7 /* Main.storyboard */ = {
			isa = PBXVariantGroup;
			children = (
				DA6CF4102976DDDE002627B7 /* Base */,
			);
			name = Main.storyboard;
			sourceTree = "<group>";
		};
		DA6CF4172976DDDE002627B7 /* LaunchScreen.storyboard */ = {
			isa = PBXVariantGroup;
			children = (
				DA6CF4182976DDDE002627B7 /* Base */,
			);
			name = LaunchScreen.storyboard;
			sourceTree = "<group>";
		};
/* End PBXVariantGroup section */

/* Begin XCBuildConfiguration section */
		DA6CF4312976DDDF002627B7 /* Debug */ = {
			isa = XCBuildConfiguration;
			buildSettings = {
				ALWAYS_SEARCH_USER_PATHS = NO;
				CLANG_ANALYZER_NONNULL = YES;
				CLANG_ANALYZER_NUMBER_OBJECT_CONVERSION = YES_AGGRESSIVE;
				CLANG_CXX_LANGUAGE_STANDARD = "gnu++20";
				CLANG_ENABLE_MODULES = YES;
				CLANG_ENABLE_OBJC_ARC = YES;
				CLANG_ENABLE_OBJC_WEAK = YES;
				CLANG_WARN_BLOCK_CAPTURE_AUTORELEASING = YES;
				CLANG_WARN_BOOL_CONVERSION = YES;
				CLANG_WARN_COMMA = YES;
				CLANG_WARN_CONSTANT_CONVERSION = YES;
				CLANG_WARN_DEPRECATED_OBJC_IMPLEMENTATIONS = YES;
				CLANG_WARN_DIRECT_OBJC_ISA_USAGE = YES_ERROR;
				CLANG_WARN_DOCUMENTATION_COMMENTS = YES;
				CLANG_WARN_EMPTY_BODY = YES;
				CLANG_WARN_ENUM_CONVERSION = YES;
				CLANG_WARN_INFINITE_RECURSION = YES;
				CLANG_WARN_INT_CONVERSION = YES;
				CLANG_WARN_NON_LITERAL_NULL_CONVERSION = YES;
				CLANG_WARN_OBJC_IMPLICIT_RETAIN_SELF = YES;
				CLANG_WARN_OBJC_LITERAL_CONVERSION = YES;
				CLANG_WARN_OBJC_ROOT_CLASS = YES_ERROR;
				CLANG_WARN_QUOTED_INCLUDE_IN_FRAMEWORK_HEADER = YES;
				CLANG_WARN_RANGE_LOOP_ANALYSIS = YES;
				CLANG_WARN_STRICT_PROTOTYPES = YES;
				CLANG_WARN_SUSPICIOUS_MOVE = YES;
				CLANG_WARN_UNGUARDED_AVAILABILITY = YES_AGGRESSIVE;
				CLANG_WARN_UNREACHABLE_CODE = YES;
				CLANG_WARN__DUPLICATE_METHOD_MATCH = YES;
				COPY_PHASE_STRIP = NO;
				DEBUG_INFORMATION_FORMAT = dwarf;
				ENABLE_STRICT_OBJC_MSGSEND = YES;
				ENABLE_TESTABILITY = YES;
				GCC_C_LANGUAGE_STANDARD = gnu11;
				GCC_DYNAMIC_NO_PIC = NO;
				GCC_NO_COMMON_BLOCKS = YES;
				GCC_OPTIMIZATION_LEVEL = 0;
				GCC_PREPROCESSOR_DEFINITIONS = (
					"DEBUG=1",
					"$(inherited)",
				);
				GCC_WARN_64_TO_32_BIT_CONVERSION = YES;
				GCC_WARN_ABOUT_RETURN_TYPE = YES_ERROR;
				GCC_WARN_UNDECLARED_SELECTOR = YES;
				GCC_WARN_UNINITIALIZED_AUTOS = YES_AGGRESSIVE;
				GCC_WARN_UNUSED_FUNCTION = YES;
				GCC_WARN_UNUSED_VARIABLE = YES;
				IPHONEOS_DEPLOYMENT_TARGET = 16.2;
				MTL_ENABLE_DEBUG_INFO = INCLUDE_SOURCE;
				MTL_FAST_MATH = YES;
				ONLY_ACTIVE_ARCH = YES;
				SDKROOT = iphoneos;
				SWIFT_ACTIVE_COMPILATION_CONDITIONS = DEBUG;
				SWIFT_OPTIMIZATION_LEVEL = "-Onone";
			};
			name = Debug;
		};
		DA6CF4322976DDDF002627B7 /* Release */ = {
			isa = XCBuildConfiguration;
			buildSettings = {
				ALWAYS_SEARCH_USER_PATHS = NO;
				CLANG_ANALYZER_NONNULL = YES;
				CLANG_ANALYZER_NUMBER_OBJECT_CONVERSION = YES_AGGRESSIVE;
				CLANG_CXX_LANGUAGE_STANDARD = "gnu++20";
				CLANG_ENABLE_MODULES = YES;
				CLANG_ENABLE_OBJC_ARC = YES;
				CLANG_ENABLE_OBJC_WEAK = YES;
				CLANG_WARN_BLOCK_CAPTURE_AUTORELEASING = YES;
				CLANG_WARN_BOOL_CONVERSION = YES;
				CLANG_WARN_COMMA = YES;
				CLANG_WARN_CONSTANT_CONVERSION = YES;
				CLANG_WARN_DEPRECATED_OBJC_IMPLEMENTATIONS = YES;
				CLANG_WARN_DIRECT_OBJC_ISA_USAGE = YES_ERROR;
				CLANG_WARN_DOCUMENTATION_COMMENTS = YES;
				CLANG_WARN_EMPTY_BODY = YES;
				CLANG_WARN_ENUM_CONVERSION = YES;
				CLANG_WARN_INFINITE_RECURSION = YES;
				CLANG_WARN_INT_CONVERSION = YES;
				CLANG_WARN_NON_LITERAL_NULL_CONVERSION = YES;
				CLANG_WARN_OBJC_IMPLICIT_RETAIN_SELF = YES;
				CLANG_WARN_OBJC_LITERAL_CONVERSION = YES;
				CLANG_WARN_OBJC_ROOT_CLASS = YES_ERROR;
				CLANG_WARN_QUOTED_INCLUDE_IN_FRAMEWORK_HEADER = YES;
				CLANG_WARN_RANGE_LOOP_ANALYSIS = YES;
				CLANG_WARN_STRICT_PROTOTYPES = YES;
				CLANG_WARN_SUSPICIOUS_MOVE = YES;
				CLANG_WARN_UNGUARDED_AVAILABILITY = YES_AGGRESSIVE;
				CLANG_WARN_UNREACHABLE_CODE = YES;
				CLANG_WARN__DUPLICATE_METHOD_MATCH = YES;
				COPY_PHASE_STRIP = NO;
				DEBUG_INFORMATION_FORMAT = "dwarf-with-dsym";
				ENABLE_NS_ASSERTIONS = NO;
				ENABLE_STRICT_OBJC_MSGSEND = YES;
				GCC_C_LANGUAGE_STANDARD = gnu11;
				GCC_NO_COMMON_BLOCKS = YES;
				GCC_WARN_64_TO_32_BIT_CONVERSION = YES;
				GCC_WARN_ABOUT_RETURN_TYPE = YES_ERROR;
				GCC_WARN_UNDECLARED_SELECTOR = YES;
				GCC_WARN_UNINITIALIZED_AUTOS = YES_AGGRESSIVE;
				GCC_WARN_UNUSED_FUNCTION = YES;
				GCC_WARN_UNUSED_VARIABLE = YES;
				IPHONEOS_DEPLOYMENT_TARGET = 16.2;
				MTL_ENABLE_DEBUG_INFO = NO;
				MTL_FAST_MATH = YES;
				SDKROOT = iphoneos;
				SWIFT_COMPILATION_MODE = wholemodule;
				SWIFT_OPTIMIZATION_LEVEL = "-O";
				VALIDATE_PRODUCT = YES;
			};
			name = Release;
		};
		DA6CF4342976DDDF002627B7 /* Debug */ = {
			isa = XCBuildConfiguration;
			buildSettings = {
				ASSETCATALOG_COMPILER_APPICON_NAME = AppIcon;
				ASSETCATALOG_COMPILER_GLOBAL_ACCENT_COLOR_NAME = AccentColor;
				CODE_SIGN_STYLE = Automatic;
				CURRENT_PROJECT_VERSION = 1;
				DEVELOPMENT_TEAM = HHJ6CV5DWU;
				GENERATE_INFOPLIST_FILE = YES;
				INFOPLIST_FILE = movieListWithFireBase/Info.plist;
				INFOPLIST_KEY_UIApplicationSupportsIndirectInputEvents = YES;
				INFOPLIST_KEY_UILaunchStoryboardName = LaunchScreen;
				INFOPLIST_KEY_UIMainStoryboardFile = Main;
				INFOPLIST_KEY_UISupportedInterfaceOrientations_iPad = "UIInterfaceOrientationPortrait UIInterfaceOrientationPortraitUpsideDown UIInterfaceOrientationLandscapeLeft UIInterfaceOrientationLandscapeRight";
				INFOPLIST_KEY_UISupportedInterfaceOrientations_iPhone = "UIInterfaceOrientationPortrait UIInterfaceOrientationLandscapeLeft UIInterfaceOrientationLandscapeRight";
				LD_RUNPATH_SEARCH_PATHS = (
					"$(inherited)",
					"@executable_path/Frameworks",
				);
				MARKETING_VERSION = 1.0;
				PRODUCT_BUNDLE_IDENTIFIER = clc.movieListWithFireBase;
				PRODUCT_NAME = "$(TARGET_NAME)";
				SWIFT_EMIT_LOC_STRINGS = YES;
				SWIFT_VERSION = 5.0;
				TARGETED_DEVICE_FAMILY = "1,2";
			};
			name = Debug;
		};
		DA6CF4352976DDDF002627B7 /* Release */ = {
			isa = XCBuildConfiguration;
			buildSettings = {
				ASSETCATALOG_COMPILER_APPICON_NAME = AppIcon;
				ASSETCATALOG_COMPILER_GLOBAL_ACCENT_COLOR_NAME = AccentColor;
				CODE_SIGN_STYLE = Automatic;
				CURRENT_PROJECT_VERSION = 1;
				DEVELOPMENT_TEAM = HHJ6CV5DWU;
				GENERATE_INFOPLIST_FILE = YES;
				INFOPLIST_FILE = movieListWithFireBase/Info.plist;
				INFOPLIST_KEY_UIApplicationSupportsIndirectInputEvents = YES;
				INFOPLIST_KEY_UILaunchStoryboardName = LaunchScreen;
				INFOPLIST_KEY_UIMainStoryboardFile = Main;
				INFOPLIST_KEY_UISupportedInterfaceOrientations_iPad = "UIInterfaceOrientationPortrait UIInterfaceOrientationPortraitUpsideDown UIInterfaceOrientationLandscapeLeft UIInterfaceOrientationLandscapeRight";
				INFOPLIST_KEY_UISupportedInterfaceOrientations_iPhone = "UIInterfaceOrientationPortrait UIInterfaceOrientationLandscapeLeft UIInterfaceOrientationLandscapeRight";
				LD_RUNPATH_SEARCH_PATHS = (
					"$(inherited)",
					"@executable_path/Frameworks",
				);
				MARKETING_VERSION = 1.0;
				PRODUCT_BUNDLE_IDENTIFIER = clc.movieListWithFireBase;
				PRODUCT_NAME = "$(TARGET_NAME)";
				SWIFT_EMIT_LOC_STRINGS = YES;
				SWIFT_VERSION = 5.0;
				TARGETED_DEVICE_FAMILY = "1,2";
			};
			name = Release;
		};
		DA6CF4372976DDDF002627B7 /* Debug */ = {
			isa = XCBuildConfiguration;
			buildSettings = {
				ALWAYS_EMBED_SWIFT_STANDARD_LIBRARIES = YES;
				BUNDLE_LOADER = "$(TEST_HOST)";
				CODE_SIGN_STYLE = Automatic;
				CURRENT_PROJECT_VERSION = 1;
				DEVELOPMENT_TEAM = HHJ6CV5DWU;
				GENERATE_INFOPLIST_FILE = YES;
				IPHONEOS_DEPLOYMENT_TARGET = 16.2;
				MARKETING_VERSION = 1.0;
				PRODUCT_BUNDLE_IDENTIFIER = clc.movieListWithFireBaseTests;
				PRODUCT_NAME = "$(TARGET_NAME)";
				SWIFT_EMIT_LOC_STRINGS = NO;
				SWIFT_VERSION = 5.0;
				TARGETED_DEVICE_FAMILY = "1,2";
				TEST_HOST = "$(BUILT_PRODUCTS_DIR)/movieListWithFireBase.app/$(BUNDLE_EXECUTABLE_FOLDER_PATH)/movieListWithFireBase";
			};
			name = Debug;
		};
		DA6CF4382976DDDF002627B7 /* Release */ = {
			isa = XCBuildConfiguration;
			buildSettings = {
				ALWAYS_EMBED_SWIFT_STANDARD_LIBRARIES = YES;
				BUNDLE_LOADER = "$(TEST_HOST)";
				CODE_SIGN_STYLE = Automatic;
				CURRENT_PROJECT_VERSION = 1;
				DEVELOPMENT_TEAM = HHJ6CV5DWU;
				GENERATE_INFOPLIST_FILE = YES;
				IPHONEOS_DEPLOYMENT_TARGET = 16.2;
				MARKETING_VERSION = 1.0;
				PRODUCT_BUNDLE_IDENTIFIER = clc.movieListWithFireBaseTests;
				PRODUCT_NAME = "$(TARGET_NAME)";
				SWIFT_EMIT_LOC_STRINGS = NO;
				SWIFT_VERSION = 5.0;
				TARGETED_DEVICE_FAMILY = "1,2";
				TEST_HOST = "$(BUILT_PRODUCTS_DIR)/movieListWithFireBase.app/$(BUNDLE_EXECUTABLE_FOLDER_PATH)/movieListWithFireBase";
			};
			name = Release;
		};
		DA6CF43A2976DDDF002627B7 /* Debug */ = {
			isa = XCBuildConfiguration;
			buildSettings = {
				ALWAYS_EMBED_SWIFT_STANDARD_LIBRARIES = YES;
				CODE_SIGN_STYLE = Automatic;
				CURRENT_PROJECT_VERSION = 1;
				DEVELOPMENT_TEAM = HHJ6CV5DWU;
				GENERATE_INFOPLIST_FILE = YES;
				MARKETING_VERSION = 1.0;
				PRODUCT_BUNDLE_IDENTIFIER = clc.movieListWithFireBaseUITests;
				PRODUCT_NAME = "$(TARGET_NAME)";
				SWIFT_EMIT_LOC_STRINGS = NO;
				SWIFT_VERSION = 5.0;
				TARGETED_DEVICE_FAMILY = "1,2";
				TEST_TARGET_NAME = movieListWithFireBase;
			};
			name = Debug;
		};
		DA6CF43B2976DDDF002627B7 /* Release */ = {
			isa = XCBuildConfiguration;
			buildSettings = {
				ALWAYS_EMBED_SWIFT_STANDARD_LIBRARIES = YES;
				CODE_SIGN_STYLE = Automatic;
				CURRENT_PROJECT_VERSION = 1;
				DEVELOPMENT_TEAM = HHJ6CV5DWU;
				GENERATE_INFOPLIST_FILE = YES;
				MARKETING_VERSION = 1.0;
				PRODUCT_BUNDLE_IDENTIFIER = clc.movieListWithFireBaseUITests;
				PRODUCT_NAME = "$(TARGET_NAME)";
				SWIFT_EMIT_LOC_STRINGS = NO;
				SWIFT_VERSION = 5.0;
				TARGETED_DEVICE_FAMILY = "1,2";
				TEST_TARGET_NAME = movieListWithFireBase;
			};
			name = Release;
		};
/* End XCBuildConfiguration section */

/* Begin XCConfigurationList section */
		DA6CF4012976DDDE002627B7 /* Build configuration list for PBXProject "movieListWithFireBase" */ = {
			isa = XCConfigurationList;
			buildConfigurations = (
				DA6CF4312976DDDF002627B7 /* Debug */,
				DA6CF4322976DDDF002627B7 /* Release */,
			);
			defaultConfigurationIsVisible = 0;
			defaultConfigurationName = Release;
		};
		DA6CF4332976DDDF002627B7 /* Build configuration list for PBXNativeTarget "movieListWithFireBase" */ = {
			isa = XCConfigurationList;
			buildConfigurations = (
				DA6CF4342976DDDF002627B7 /* Debug */,
				DA6CF4352976DDDF002627B7 /* Release */,
			);
			defaultConfigurationIsVisible = 0;
			defaultConfigurationName = Release;
		};
		DA6CF4362976DDDF002627B7 /* Build configuration list for PBXNativeTarget "movieListWithFireBaseTests" */ = {
			isa = XCConfigurationList;
			buildConfigurations = (
				DA6CF4372976DDDF002627B7 /* Debug */,
				DA6CF4382976DDDF002627B7 /* Release */,
			);
			defaultConfigurationIsVisible = 0;
			defaultConfigurationName = Release;
		};
		DA6CF4392976DDDF002627B7 /* Build configuration list for PBXNativeTarget "movieListWithFireBaseUITests" */ = {
			isa = XCConfigurationList;
			buildConfigurations = (
				DA6CF43A2976DDDF002627B7 /* Debug */,
				DA6CF43B2976DDDF002627B7 /* Release */,
			);
			defaultConfigurationIsVisible = 0;
			defaultConfigurationName = Release;
		};
/* End XCConfigurationList section */

/* Begin XCRemoteSwiftPackageReference section */
		DA621E802979844900242506 /* XCRemoteSwiftPackageReference "firebase-ios-sdk" */ = {
			isa = XCRemoteSwiftPackageReference;
			repositoryURL = "https://github.com/firebase/firebase-ios-sdk";
			requirement = {
				branch = master;
				kind = branch;
			};
		};
/* End XCRemoteSwiftPackageReference section */

/* Begin XCSwiftPackageProductDependency section */
		DA621E812979844900242506 /* FirebaseAuth */ = {
			isa = XCSwiftPackageProductDependency;
			package = DA621E802979844900242506 /* XCRemoteSwiftPackageReference "firebase-ios-sdk" */;
			productName = FirebaseAuth;
		};
		DA621E832979844900242506 /* FirebaseDatabase */ = {
			isa = XCSwiftPackageProductDependency;
			package = DA621E802979844900242506 /* XCRemoteSwiftPackageReference "firebase-ios-sdk" */;
			productName = FirebaseDatabase;
		};
		DA621E852979844900242506 /* FirebaseDatabaseSwift */ = {
			isa = XCSwiftPackageProductDependency;
			package = DA621E802979844900242506 /* XCRemoteSwiftPackageReference "firebase-ios-sdk" */;
			productName = FirebaseDatabaseSwift;
		};
		DA621E872979844900242506 /* FirebaseFirestore */ = {
			isa = XCSwiftPackageProductDependency;
			package = DA621E802979844900242506 /* XCRemoteSwiftPackageReference "firebase-ios-sdk" */;
			productName = FirebaseFirestore;
		};
/* End XCSwiftPackageProductDependency section */

/* Begin XCVersionGroup section */
		DA6CF4122976DDDE002627B7 /* movieListWithFireBase.xcdatamodeld */ = {
			isa = XCVersionGroup;
			children = (
				DA6CF4132976DDDE002627B7 /* movieListWithFireBase.xcdatamodel */,
			);
			currentVersion = DA6CF4132976DDDE002627B7 /* movieListWithFireBase.xcdatamodel */;
			path = movieListWithFireBase.xcdatamodeld;
			sourceTree = "<group>";
			versionGroupType = wrapper.xcdatamodel;
		};
/* End XCVersionGroup section */
	};
	rootObject = DA6CF3FE2976DDDE002627B7 /* Project object */;
}
